
Microsoft Visual Studio Solution File, Format Version 12.00
# Visual Studio Version 17
VisualStudioVersion = 17.1.32228.430
MinimumVisualStudioVersion = 10.0.40219.1
Project("{9A19103F-16F7-4668-BE54-9A1E7A4F7556}") = "CSharpBasics", "CSharpBasics.csproj", "{271EBCAD-A185-4D63-B7D0-F1F711F93832}"
EndProject
Project("{9A19103F-16F7-4668-BE54-9A1E7A4F7556}") = "CSharpOOP", "..\CSharpOOP\CSharpOOP.csproj", "{32F84752-C4CC-4073-BD43-E8BB7818E438}"
EndProject
Project("{9A19103F-16F7-4668-BE54-9A1E7A4F7556}") = "LINQ", "..\LINQ\LINQ.csproj", "{78C8DD2B-094A-426B-B8E7-8A8CE92D380D}"
EndProject
Project("{9A19103F-16F7-4668-BE54-9A1E7A4F7556}") = "CSharpAdvanced", "..\CSharpAdvanced\CSharpAdvanced.csproj", "{D98BF380-D308-43AD-9848-8F0BAAAE6012}"
EndProject
Project("{9A19103F-16F7-4668-BE54-9A1E7A4F7556}") = "Selenium_Basic", "..\Selenium_Basic\Selenium_Basic.csproj", "{3B94BD40-9E60-4DE9-B508-7CBCF691B7C5}"
EndProject
Project("{FAE04EC0-301F-11D3-BF4B-00C04F79EFBC}") = "Selenium_Advanced", "..\Selenium_Advanced\Selenium_Advanced.csproj", "{E8722BCF-13F6-47AE-972C-3843F954DD78}"
EndProject
Global
	GlobalSection(SolutionConfigurationPlatforms) = preSolution
		Debug|Any CPU = Debug|Any CPU
		Release|Any CPU = Release|Any CPU
	EndGlobalSection
	GlobalSection(ProjectConfigurationPlatforms) = postSolution
		{271EBCAD-A185-4D63-B7D0-F1F711F93832}.Debug|Any CPU.ActiveCfg = Debug|Any CPU
		{271EBCAD-A185-4D63-B7D0-F1F711F93832}.Debug|Any CPU.Build.0 = Debug|Any CPU
		{271EBCAD-A185-4D63-B7D0-F1F711F93832}.Release|Any CPU.ActiveCfg = Release|Any CPU
		{271EBCAD-A185-4D63-B7D0-F1F711F93832}.Release|Any CPU.Build.0 = Release|Any CPU
		{32F84752-C4CC-4073-BD43-E8BB7818E438}.Debug|Any CPU.ActiveCfg = Debug|Any CPU
		{32F84752-C4CC-4073-BD43-E8BB7818E438}.Debug|Any CPU.Build.0 = Debug|Any CPU
		{32F84752-C4CC-4073-BD43-E8BB7818E438}.Release|Any CPU.ActiveCfg = Release|Any CPU
		{32F84752-C4CC-4073-BD43-E8BB7818E438}.Release|Any CPU.Build.0 = Release|Any CPU
		{78C8DD2B-094A-426B-B8E7-8A8CE92D380D}.Debug|Any CPU.ActiveCfg = Debug|Any CPU
		{78C8DD2B-094A-426B-B8E7-8A8CE92D380D}.Debug|Any CPU.Build.0 = Debug|Any CPU
		{78C8DD2B-094A-426B-B8E7-8A8CE92D380D}.Release|Any CPU.ActiveCfg = Release|Any CPU
		{78C8DD2B-094A-426B-B8E7-8A8CE92D380D}.Release|Any CPU.Build.0 = Release|Any CPU
		{D98BF380-D308-43AD-9848-8F0BAAAE6012}.Debug|Any CPU.ActiveCfg = Debug|Any CPU
		{D98BF380-D308-43AD-9848-8F0BAAAE6012}.Debug|Any CPU.Build.0 = Debug|Any CPU
		{D98BF380-D308-43AD-9848-8F0BAAAE6012}.Release|Any CPU.ActiveCfg = Release|Any CPU
		{D98BF380-D308-43AD-9848-8F0BAAAE6012}.Release|Any CPU.Build.0 = Release|Any CPU
		{3B94BD40-9E60-4DE9-B508-7CBCF691B7C5}.Debug|Any CPU.ActiveCfg = Debug|Any CPU
		{3B94BD40-9E60-4DE9-B508-7CBCF691B7C5}.Debug|Any CPU.Build.0 = Debug|Any CPU
		{3B94BD40-9E60-4DE9-B508-7CBCF691B7C5}.Release|Any CPU.ActiveCfg = Release|Any CPU
		{3B94BD40-9E60-4DE9-B508-7CBCF691B7C5}.Release|Any CPU.Build.0 = Release|Any CPU
		{E8722BCF-13F6-47AE-972C-3843F954DD78}.Debug|Any CPU.ActiveCfg = Debug|Any CPU
		{E8722BCF-13F6-47AE-972C-3843F954DD78}.Debug|Any CPU.Build.0 = Debug|Any CPU
		{E8722BCF-13F6-47AE-972C-3843F954DD78}.Release|Any CPU.ActiveCfg = Release|Any CPU
		{E8722BCF-13F6-47AE-972C-3843F954DD78}.Release|Any CPU.Build.0 = Release|Any CPU
	EndGlobalSection
	GlobalSection(SolutionProperties) = preSolution
		HideSolutionNode = FALSE
	EndGlobalSection
	GlobalSection(ExtensibilityGlobals) = postSolution
		SolutionGuid = {CD211436-7A19-47D0-9989-DFEDD771A310}
	EndGlobalSection
EndGlobal
